// !$*UTF8*$!
{
	archiveVersion = 1;
	classes = {
	};
	objectVersion = 46;
	objects = {

/* Begin PBXBuildFile section */
		B62510EF199D7DB500AD4C4F /* main.swift in Sources */ = {isa = PBXBuildFile; fileRef = B62510EE199D7DB500AD4C4F /* main.swift */; };
		B62510F1199D7DB500AD4C4F /* ViewController.swift in Sources */ = {isa = PBXBuildFile; fileRef = B62510F0199D7DB500AD4C4F /* ViewController.swift */; };
		B62510F3199D7DB500AD4C4F /* AppDelegate.swift in Sources */ = {isa = PBXBuildFile; fileRef = B62510F2199D7DB500AD4C4F /* AppDelegate.swift */; };
		B62510F5199D7DB500AD4C4F /* Images.xcassets in Resources */ = {isa = PBXBuildFile; fileRef = B62510F4199D7DB500AD4C4F /* Images.xcassets */; };
		B62510F8199D7DB500AD4C4F /* Main.storyboard in Resources */ = {isa = PBXBuildFile; fileRef = B62510F6199D7DB500AD4C4F /* Main.storyboard */; };
		B6251104199D7DB500AD4C4F /* RomanTests.swift in Sources */ = {isa = PBXBuildFile; fileRef = B6251103199D7DB500AD4C4F /* RomanTests.swift */; };
		B6643DF419A29B4300196B4E /* RomanNumeralFormatter.swift in Sources */ = {isa = PBXBuildFile; fileRef = B6643DF319A29B4300196B4E /* RomanNumeralFormatter.swift */; };
		B6CF6DBB199DB80300CEA63D /* RomanNumeralFormatterTests.swift in Sources */ = {isa = PBXBuildFile; fileRef = B6CF6DBA199DB80300CEA63D /* RomanNumeralFormatterTests.swift */; };
/* End PBXBuildFile section */

/* Begin PBXContainerItemProxy section */
		B62510FE199D7DB500AD4C4F /* PBXContainerItemProxy */ = {
			isa = PBXContainerItemProxy;
			containerPortal = B62510E1199D7DB500AD4C4F /* Project object */;
			proxyType = 1;
			remoteGlobalIDString = B62510E8199D7DB500AD4C4F;
			remoteInfo = Roman;
		};
/* End PBXContainerItemProxy section */

/* Begin PBXFileReference section */
		B62510E9199D7DB500AD4C4F /* Roman.app */ = {isa = PBXFileReference; explicitFileType = wrapper.application; includeInIndex = 0; path = Roman.app; sourceTree = BUILT_PRODUCTS_DIR; };
		B62510ED199D7DB500AD4C4F /* Info.plist */ = {isa = PBXFileReference; lastKnownFileType = text.plist.xml; path = Info.plist; sourceTree = "<group>"; };
		B62510EE199D7DB500AD4C4F /* main.swift */ = {isa = PBXFileReference; lastKnownFileType = sourcecode.swift; path = main.swift; sourceTree = "<group>"; };
		B62510F0199D7DB500AD4C4F /* ViewController.swift */ = {isa = PBXFileReference; lastKnownFileType = sourcecode.swift; path = ViewController.swift; sourceTree = "<group>"; };
		B62510F2199D7DB500AD4C4F /* AppDelegate.swift */ = {isa = PBXFileReference; lastKnownFileType = sourcecode.swift; path = AppDelegate.swift; sourceTree = "<group>"; };
		B62510F4199D7DB500AD4C4F /* Images.xcassets */ = {isa = PBXFileReference; lastKnownFileType = folder.assetcatalog; path = Images.xcassets; sourceTree = "<group>"; };
		B62510F7199D7DB500AD4C4F /* Base */ = {isa = PBXFileReference; lastKnownFileType = file.storyboard; name = Base; path = Base.lproj/Main.storyboard; sourceTree = "<group>"; };
		B62510FD199D7DB500AD4C4F /* RomanTests.xctest */ = {isa = PBXFileReference; explicitFileType = wrapper.cfbundle; includeInIndex = 0; path = RomanTests.xctest; sourceTree = BUILT_PRODUCTS_DIR; };
		B6251102199D7DB500AD4C4F /* Info.plist */ = {isa = PBXFileReference; lastKnownFileType = text.plist.xml; path = Info.plist; sourceTree = "<group>"; };
		B6251103199D7DB500AD4C4F /* RomanTests.swift */ = {isa = PBXFileReference; lastKnownFileType = sourcecode.swift; path = RomanTests.swift; sourceTree = "<group>"; };
		B6643DF319A29B4300196B4E /* RomanNumeralFormatter.swift */ = {isa = PBXFileReference; fileEncoding = 4; lastKnownFileType = sourcecode.swift; path = RomanNumeralFormatter.swift; sourceTree = "<group>"; };
		B6CF6DBA199DB80300CEA63D /* RomanNumeralFormatterTests.swift */ = {isa = PBXFileReference; fileEncoding = 4; lastKnownFileType = sourcecode.swift; path = RomanNumeralFormatterTests.swift; sourceTree = "<group>"; };
/* End PBXFileReference section */

/* Begin PBXFrameworksBuildPhase section */
		B62510E6199D7DB500AD4C4F /* Frameworks */ = {
			isa = PBXFrameworksBuildPhase;
			buildActionMask = 2147483647;
			files = (
			);
			runOnlyForDeploymentPostprocessing = 0;
		};
		B62510FA199D7DB500AD4C4F /* Frameworks */ = {
			isa = PBXFrameworksBuildPhase;
			buildActionMask = 2147483647;
			files = (
			);
			runOnlyForDeploymentPostprocessing = 0;
		};
/* End PBXFrameworksBuildPhase section */

/* Begin PBXGroup section */
		B62510E0199D7DB500AD4C4F = {
			isa = PBXGroup;
			children = (
				B62510EB199D7DB500AD4C4F /* Roman */,
				B6251100199D7DB500AD4C4F /* RomanTests */,
				B62510EA199D7DB500AD4C4F /* Products */,
			);
			sourceTree = "<group>";
		};
		B62510EA199D7DB500AD4C4F /* Products */ = {
			isa = PBXGroup;
			children = (
				B62510E9199D7DB500AD4C4F /* Roman.app */,
				B62510FD199D7DB500AD4C4F /* RomanTests.xctest */,
			);
			name = Products;
			sourceTree = "<group>";
		};
		B62510EB199D7DB500AD4C4F /* Roman */ = {
			isa = PBXGroup;
			children = (
				B62510F0199D7DB500AD4C4F /* ViewController.swift */,
				B62510F2199D7DB500AD4C4F /* AppDelegate.swift */,
				B62510F4199D7DB500AD4C4F /* Images.xcassets */,
				B62510F6199D7DB500AD4C4F /* Main.storyboard */,
				B62510EC199D7DB500AD4C4F /* Supporting Files */,
				B6251113199D822E00AD4C4F /* Model */,
			);
			path = Roman;
			sourceTree = "<group>";
		};
		B62510EC199D7DB500AD4C4F /* Supporting Files */ = {
			isa = PBXGroup;
			children = (
				B62510ED199D7DB500AD4C4F /* Info.plist */,
				B62510EE199D7DB500AD4C4F /* main.swift */,
			);
			name = "Supporting Files";
			sourceTree = "<group>";
		};
		B6251100199D7DB500AD4C4F /* RomanTests */ = {
			isa = PBXGroup;
			children = (
				B6251103199D7DB500AD4C4F /* RomanTests.swift */,
				B6CF6DBA199DB80300CEA63D /* RomanNumeralFormatterTests.swift */,
				B6251101199D7DB500AD4C4F /* Supporting Files */,
			);
			path = RomanTests;
			sourceTree = "<group>";
		};
		B6251101199D7DB500AD4C4F /* Supporting Files */ = {
			isa = PBXGroup;
			children = (
				B6251102199D7DB500AD4C4F /* Info.plist */,
			);
			name = "Supporting Files";
			sourceTree = "<group>";
		};
		B6251113199D822E00AD4C4F /* Model */ = {
			isa = PBXGroup;
			children = (
				B6643DF319A29B4300196B4E /* RomanNumeralFormatter.swift */,
			);
			name = Model;
			sourceTree = "<group>";
		};
/* End PBXGroup section */

/* Begin PBXNativeTarget section */
		B62510E8199D7DB500AD4C4F /* Roman */ = {
			isa = PBXNativeTarget;
			buildConfigurationList = B6251107199D7DB500AD4C4F /* Build configuration list for PBXNativeTarget "Roman" */;
			buildPhases = (
				B62510E5199D7DB500AD4C4F /* Sources */,
				B62510E6199D7DB500AD4C4F /* Frameworks */,
				B62510E7199D7DB500AD4C4F /* Resources */,
			);
			buildRules = (
			);
			dependencies = (
			);
			name = Roman;
			productName = Roman;
			productReference = B62510E9199D7DB500AD4C4F /* Roman.app */;
			productType = "com.apple.product-type.application";
		};
		B62510FC199D7DB500AD4C4F /* RomanTests */ = {
			isa = PBXNativeTarget;
			buildConfigurationList = B625110A199D7DB500AD4C4F /* Build configuration list for PBXNativeTarget "RomanTests" */;
			buildPhases = (
				B62510F9199D7DB500AD4C4F /* Sources */,
				B62510FA199D7DB500AD4C4F /* Frameworks */,
				B62510FB199D7DB500AD4C4F /* Resources */,
			);
			buildRules = (
			);
			dependencies = (
				B62510FF199D7DB500AD4C4F /* PBXTargetDependency */,
			);
			name = RomanTests;
			productName = RomanTests;
			productReference = B62510FD199D7DB500AD4C4F /* RomanTests.xctest */;
			productType = "com.apple.product-type.bundle.unit-test";
		};
/* End PBXNativeTarget section */

/* Begin PBXProject section */
		B62510E1199D7DB500AD4C4F /* Project object */ = {
			isa = PBXProject;
			attributes = {
				LastUpgradeCheck = 0600;
				ORGANIZATIONNAME = "Robert Walker";
				TargetAttributes = {
					B62510E8199D7DB500AD4C4F = {
						CreatedOnToolsVersion = 6.0;
					};
					B62510FC199D7DB500AD4C4F = {
						CreatedOnToolsVersion = 6.0;
						TestTargetID = B62510E8199D7DB500AD4C4F;
					};
				};
			};
			buildConfigurationList = B62510E4199D7DB500AD4C4F /* Build configuration list for PBXProject "Roman" */;
			compatibilityVersion = "Xcode 3.2";
			developmentRegion = English;
			hasScannedForEncodings = 0;
			knownRegions = (
				en,
				Base,
			);
			mainGroup = B62510E0199D7DB500AD4C4F;
			productRefGroup = B62510EA199D7DB500AD4C4F /* Products */;
			projectDirPath = "";
			projectRoot = "";
			targets = (
				B62510E8199D7DB500AD4C4F /* Roman */,
				B62510FC199D7DB500AD4C4F /* RomanTests */,
			);
		};
/* End PBXProject section */

/* Begin PBXResourcesBuildPhase section */
		B62510E7199D7DB500AD4C4F /* Resources */ = {
			isa = PBXResourcesBuildPhase;
			buildActionMask = 2147483647;
			files = (
				B62510F5199D7DB500AD4C4F /* Images.xcassets in Resources */,
				B62510F8199D7DB500AD4C4F /* Main.storyboard in Resources */,
			);
			runOnlyForDeploymentPostprocessing = 0;
		};
		B62510FB199D7DB500AD4C4F /* Resources */ = {
			isa = PBXResourcesBuildPhase;
			buildActionMask = 2147483647;
			files = (
			);
			runOnlyForDeploymentPostprocessing = 0;
		};
/* End PBXResourcesBuildPhase section */

/* Begin PBXSourcesBuildPhase section */
		B62510E5199D7DB500AD4C4F /* Sources */ = {
			isa = PBXSourcesBuildPhase;
			buildActionMask = 2147483647;
			files = (
				B62510F3199D7DB500AD4C4F /* AppDelegate.swift in Sources */,
				B6643DF419A29B4300196B4E /* RomanNumeralFormatter.swift in Sources */,
				B62510F1199D7DB500AD4C4F /* ViewController.swift in Sources */,
				B62510EF199D7DB500AD4C4F /* main.swift in Sources */,
			);
			runOnlyForDeploymentPostprocessing = 0;
		};
		B62510F9199D7DB500AD4C4F /* Sources */ = {
			isa = PBXSourcesBuildPhase;
			buildActionMask = 2147483647;
			files = (
				B6CF6DBB199DB80300CEA63D /* RomanNumeralFormatterTests.swift in Sources */,
				B6251104199D7DB500AD4C4F /* RomanTests.swift in Sources */,
			);
			runOnlyForDeploymentPostprocessing = 0;
		};
/* End PBXSourcesBuildPhase section */

/* Begin PBXTargetDependency section */
		B62510FF199D7DB500AD4C4F /* PBXTargetDependency */ = {
			isa = PBXTargetDependency;
			target = B62510E8199D7DB500AD4C4F /* Roman */;
			targetProxy = B62510FE199D7DB500AD4C4F /* PBXContainerItemProxy */;
		};
/* End PBXTargetDependency section */

/* Begin PBXVariantGroup section */
		B62510F6199D7DB500AD4C4F /* Main.storyboard */ = {
			isa = PBXVariantGroup;
			children = (
				B62510F7199D7DB500AD4C4F /* Base */,
			);
			name = Main.storyboard;
			sourceTree = "<group>";
		};
/* End PBXVariantGroup section */

/* Begin XCBuildConfiguration section */
		B6251105199D7DB500AD4C4F /* Debug */ = {
			isa = XCBuildConfiguration;
			buildSettings = {
				ALWAYS_SEARCH_USER_PATHS = NO;
				CLANG_CXX_LANGUAGE_STANDARD = "gnu++0x";
				CLANG_CXX_LIBRARY = "libc++";
				CLANG_ENABLE_MODULES = YES;
				CLANG_ENABLE_OBJC_ARC = YES;
				CLANG_WARN_BOOL_CONVERSION = YES;
				CLANG_WARN_CONSTANT_CONVERSION = YES;
				CLANG_WARN_DIRECT_OBJC_ISA_USAGE = YES_ERROR;
				CLANG_WARN_EMPTY_BODY = YES;
				CLANG_WARN_ENUM_CONVERSION = YES;
				CLANG_WARN_INT_CONVERSION = YES;
				CLANG_WARN_OBJC_ROOT_CLASS = YES_ERROR;
				CLANG_WARN_UNREACHABLE_CODE = YES;
				CLANG_WARN__DUPLICATE_METHOD_MATCH = YES;
				CODE_SIGN_IDENTITY = "-";
				COPY_PHASE_STRIP = NO;
				ENABLE_STRICT_OBJC_MSGSEND = YES;
				GCC_C_LANGUAGE_STANDARD = gnu99;
				GCC_DYNAMIC_NO_PIC = NO;
				GCC_OPTIMIZATION_LEVEL = 0;
				GCC_PREPROCESSOR_DEFINITIONS = (
					"DEBUG=1",
					"$(inherited)",
				);
				GCC_SYMBOLS_PRIVATE_EXTERN = NO;
				GCC_WARN_64_TO_32_BIT_CONVERSION = YES;
				GCC_WARN_ABOUT_RETURN_TYPE = YES_ERROR;
				GCC_WARN_UNDECLARED_SELECTOR = YES;
				GCC_WARN_UNINITIALIZED_AUTOS = YES_AGGRESSIVE;
				GCC_WARN_UNUSED_FUNCTION = YES;
				GCC_WARN_UNUSED_VARIABLE = YES;
				MACOSX_DEPLOYMENT_TARGET = 10.10;
				MTL_ENABLE_DEBUG_INFO = YES;
				ONLY_ACTIVE_ARCH = YES;
				SDKROOT = macosx;
				SWIFT_OPTIMIZATION_LEVEL = "-Onone";
			};
			name = Debug;
		};
		B6251106199D7DB500AD4C4F /* Release */ = {
			isa = XCBuildConfiguration;
			buildSettings = {
				ALWAYS_SEARCH_USER_PATHS = NO;
				CLANG_CXX_LANGUAGE_STANDARD = "gnu++0x";
				CLANG_CXX_LIBRARY = "libc++";
				CLANG_ENABLE_MODULES = YES;
				CLANG_ENABLE_OBJC_ARC = YES;
				CLANG_WARN_BOOL_CONVERSION = YES;
				CLANG_WARN_CONSTANT_CONVERSION = YES;
				CLANG_WARN_DIRECT_OBJC_ISA_USAGE = YES_ERROR;
				CLANG_WARN_EMPTY_BODY = YES;
				CLANG_WARN_ENUM_CONVERSION = YES;
				CLANG_WARN_INT_CONVERSION = YES;
				CLANG_WARN_OBJC_ROOT_CLASS = YES_ERROR;
				CLANG_WARN_UNREACHABLE_CODE = YES;
				CLANG_WARN__DUPLICATE_METHOD_MATCH = YES;
				CODE_SIGN_IDENTITY = "-";
				COPY_PHASE_STRIP = YES;
				DEBUG_INFORMATION_FORMAT = "dwarf-with-dsym";
				ENABLE_NS_ASSERTIONS = NO;
				ENABLE_STRICT_OBJC_MSGSEND = YES;
				GCC_C_LANGUAGE_STANDARD = gnu99;
				GCC_WARN_64_TO_32_BIT_CONVERSION = YES;
				GCC_WARN_ABOUT_RETURN_TYPE = YES_ERROR;
				GCC_WARN_UNDECLARED_SELECTOR = YES;
				GCC_WARN_UNINITIALIZED_AUTOS = YES_AGGRESSIVE;
				GCC_WARN_UNUSED_FUNCTION = YES;
				GCC_WARN_UNUSED_VARIABLE = YES;
				MACOSX_DEPLOYMENT_TARGET = 10.10;
				MTL_ENABLE_DEBUG_INFO = NO;
				SDKROOT = macosx;
			};
			name = Release;
		};
		B6251108199D7DB500AD4C4F /* Debug */ = {
			isa = XCBuildConfiguration;
			buildSettings = {
				ASSETCATALOG_COMPILER_APPICON_NAME = AppIcon;
				COMBINE_HIDPI_IMAGES = YES;
				INFOPLIST_FILE = Roman/Info.plist;
				LD_RUNPATH_SEARCH_PATHS = "$(inherited) @executable_path/../Frameworks";
				PRODUCT_NAME = "$(TARGET_NAME)";
			};
			name = Debug;
		};
		B6251109199D7DB500AD4C4F /* Release */ = {
			isa = XCBuildConfiguration;
			buildSettings = {
				ASSETCATALOG_COMPILER_APPICON_NAME = AppIcon;
				COMBINE_HIDPI_IMAGES = YES;
				INFOPLIST_FILE = Roman/Info.plist;
				LD_RUNPATH_SEARCH_PATHS = "$(inherited) @executable_path/../Frameworks";
				PRODUCT_NAME = "$(TARGET_NAME)";
			};
			name = Release;
		};
		B625110B199D7DB500AD4C4F /* Debug */ = {
			isa = XCBuildConfiguration;
			buildSettings = {
				BUNDLE_LOADER = "$(TEST_HOST)";
				COMBINE_HIDPI_IMAGES = YES;
				FRAMEWORK_SEARCH_PATHS = (
					"$(DEVELOPER_FRAMEWORKS_DIR)",
					"$(inherited)",
				);
				GCC_PREPROCESSOR_DEFINITIONS = (
					"DEBUG=1",
					"$(inherited)",
				);
				INFOPLIST_FILE = RomanTests/Info.plist;
				LD_RUNPATH_SEARCH_PATHS = "$(inherited) @executable_path/../Frameworks @loader_path/../Frameworks";
				PRODUCT_NAME = "$(TARGET_NAME)";
				TEST_HOST = "$(BUILT_PRODUCTS_DIR)/Roman.app/Contents/MacOS/Roman";
			};
			name = Debug;
		};
		B625110C199D7DB500AD4C4F /* Release */ = {
			isa = XCBuildConfiguration;
			buildSettings = {
				BUNDLE_LOADER = "$(TEST_HOST)";
				COMBINE_HIDPI_IMAGES = YES;
				FRAMEWORK_SEARCH_PATHS = (
					"$(DEVELOPER_FRAMEWORKS_DIR)",
					"$(inherited)",
				);
				INFOPLIST_FILE = RomanTests/Info.plist;
				LD_RUNPATH_SEARCH_PATHS = "$(inherited) @executable_path/../Frameworks @loader_path/../Frameworks";
				PRODUCT_NAME = "$(TARGET_NAME)";
				TEST_HOST = "$(BUILT_PRODUCTS_DIR)/Roman.app/Contents/MacOS/Roman";
			};
			name = Release;
		};
/* End XCBuildConfiguration section */

/* Begin XCConfigurationList section */
		B62510E4199D7DB500AD4C4F /* Build configuration list for PBXProject "Roman" */ = {
			isa = XCConfigurationList;
			buildConfigurations = (
				B6251105199D7DB500AD4C4F /* Debug */,
				B6251106199D7DB500AD4C4F /* Release */,
			);
			defaultConfigurationIsVisible = 0;
			defaultConfigurationName = Release;
		};
		B6251107199D7DB500AD4C4F /* Build configuration list for PBXNativeTarget "Roman" */ = {
			isa = XCConfigurationList;
			buildConfigurations = (
				B6251108199D7DB500AD4C4F /* Debug */,
				B6251109199D7DB500AD4C4F /* Release */,
			);
			defaultConfigurationIsVisible = 0;
			defaultConfigurationName = Release;
		};
		B625110A199D7DB500AD4C4F /* Build configuration list for PBXNativeTarget "RomanTests" */ = {
			isa = XCConfigurationList;
			buildConfigurations = (
				B625110B199D7DB500AD4C4F /* Debug */,
				B625110C199D7DB500AD4C4F /* Release */,
			);
			defaultConfigurationIsVisible = 0;
			defaultConfigurationName = Release;
		};
/* End XCConfigurationList section */
	};
	rootObject = B62510E1199D7DB500AD4C4F /* Project object */;
}
